// !$*UTF8*$!
{
	archiveVersion = 1;
	classes = {
	};
	objectVersion = 55;
	objects = {

/* Begin PBXBuildFile section */
		2B1FFF2027056FE800EE4C2D /* WebService.swift in Sources */ = {isa = PBXBuildFile; fileRef = 2B1FFF1F27056FE800EE4C2D /* WebService.swift */; };
		2B5ECC4C2704FC4000E8216B /* RickAndMortyAPIApp.swift in Sources */ = {isa = PBXBuildFile; fileRef = 2B5ECC4B2704FC4000E8216B /* RickAndMortyAPIApp.swift */; };
		2B5ECC4E2704FC4000E8216B /* ListView.swift in Sources */ = {isa = PBXBuildFile; fileRef = 2B5ECC4D2704FC4000E8216B /* ListView.swift */; };
		2B5ECC502704FC4D00E8216B /* Assets.xcassets in Resources */ = {isa = PBXBuildFile; fileRef = 2B5ECC4F2704FC4D00E8216B /* Assets.xcassets */; };
		2B5ECC532704FC4D00E8216B /* Preview Assets.xcassets in Resources */ = {isa = PBXBuildFile; fileRef = 2B5ECC522704FC4D00E8216B /* Preview Assets.xcassets */; };
		2B5ECC5A2704FCFA00E8216B /* APIResponse.swift in Sources */ = {isa = PBXBuildFile; fileRef = 2B5ECC592704FCFA00E8216B /* APIResponse.swift */; };
		2B944A492718FD5500B64A5C /* RowView.swift in Sources */ = {isa = PBXBuildFile; fileRef = 2B944A482718FD5500B64A5C /* RowView.swift */; };
		2B9E52C0272CB0B500207D5E /* DetailSideView.swift in Sources */ = {isa = PBXBuildFile; fileRef = 2B9E52BF272CB0B500207D5E /* DetailSideView.swift */; };
		2B9E52C2272CB3C700207D5E /* DetailBottomView.swift in Sources */ = {isa = PBXBuildFile; fileRef = 2B9E52C1272CB3C700207D5E /* DetailBottomView.swift */; };
		2B9E52C4272CEFC300207D5E /* EpisodeViewModel.swift in Sources */ = {isa = PBXBuildFile; fileRef = 2B9E52C3272CEFC300207D5E /* EpisodeViewModel.swift */; };
		2BBCA63B27068723005BAFE3 /* CharacterViewModel.swift in Sources */ = {isa = PBXBuildFile; fileRef = 2BBCA63A27068723005BAFE3 /* CharacterViewModel.swift */; };
		2BBCA63E2706C7EE005BAFE3 /* AsyncImageView.swift in Sources */ = {isa = PBXBuildFile; fileRef = 2BBCA63D2706C7EE005BAFE3 /* AsyncImageView.swift */; };
		2BCE8939272493B500286025 /* DetailView.swift in Sources */ = {isa = PBXBuildFile; fileRef = 2BCE8938272493B500286025 /* DetailView.swift */; };
/* End PBXBuildFile section */

/* Begin PBXFileReference section */
		2B1FFF1F27056FE800EE4C2D /* WebService.swift */ = {isa = PBXFileReference; lastKnownFileType = sourcecode.swift; path = WebService.swift; sourceTree = "<group>"; };
		2B5ECC482704FC4000E8216B /* RickAndMortyAPI.app */ = {isa = PBXFileReference; explicitFileType = wrapper.application; includeInIndex = 0; path = RickAndMortyAPI.app; sourceTree = BUILT_PRODUCTS_DIR; };
		2B5ECC4B2704FC4000E8216B /* RickAndMortyAPIApp.swift */ = {isa = PBXFileReference; lastKnownFileType = sourcecode.swift; path = RickAndMortyAPIApp.swift; sourceTree = "<group>"; };
		2B5ECC4D2704FC4000E8216B /* ListView.swift */ = {isa = PBXFileReference; lastKnownFileType = sourcecode.swift; path = ListView.swift; sourceTree = "<group>"; };
		2B5ECC4F2704FC4D00E8216B /* Assets.xcassets */ = {isa = PBXFileReference; lastKnownFileType = folder.assetcatalog; path = Assets.xcassets; sourceTree = "<group>"; };
		2B5ECC522704FC4D00E8216B /* Preview Assets.xcassets */ = {isa = PBXFileReference; lastKnownFileType = folder.assetcatalog; path = "Preview Assets.xcassets"; sourceTree = "<group>"; };
		2B5ECC592704FCFA00E8216B /* APIResponse.swift */ = {isa = PBXFileReference; lastKnownFileType = sourcecode.swift; path = APIResponse.swift; sourceTree = "<group>"; };
		2B944A482718FD5500B64A5C /* RowView.swift */ = {isa = PBXFileReference; lastKnownFileType = sourcecode.swift; path = RowView.swift; sourceTree = "<group>"; };
		2B9E52BF272CB0B500207D5E /* DetailSideView.swift */ = {isa = PBXFileReference; lastKnownFileType = sourcecode.swift; path = DetailSideView.swift; sourceTree = "<group>"; };
		2B9E52C1272CB3C700207D5E /* DetailBottomView.swift */ = {isa = PBXFileReference; lastKnownFileType = sourcecode.swift; path = DetailBottomView.swift; sourceTree = "<group>"; };
		2B9E52C3272CEFC300207D5E /* EpisodeViewModel.swift */ = {isa = PBXFileReference; lastKnownFileType = sourcecode.swift; path = EpisodeViewModel.swift; sourceTree = "<group>"; };
		2BABA2C92720E5870052428A /* Info.plist */ = {isa = PBXFileReference; lastKnownFileType = text.plist; path = Info.plist; sourceTree = "<group>"; };
		2BBCA63A27068723005BAFE3 /* CharacterViewModel.swift */ = {isa = PBXFileReference; lastKnownFileType = sourcecode.swift; path = CharacterViewModel.swift; sourceTree = "<group>"; };
		2BBCA63D2706C7EE005BAFE3 /* AsyncImageView.swift */ = {isa = PBXFileReference; lastKnownFileType = sourcecode.swift; path = AsyncImageView.swift; sourceTree = "<group>"; };
		2BCE8938272493B500286025 /* DetailView.swift */ = {isa = PBXFileReference; lastKnownFileType = sourcecode.swift; path = DetailView.swift; sourceTree = "<group>"; };
/* End PBXFileReference section */

/* Begin PBXFrameworksBuildPhase section */
		2B5ECC452704FC4000E8216B /* Frameworks */ = {
			isa = PBXFrameworksBuildPhase;
			buildActionMask = 2147483647;
			files = (
			);
			runOnlyForDeploymentPostprocessing = 0;
		};
/* End PBXFrameworksBuildPhase section */

/* Begin PBXGroup section */
		2B1FFF1D27056F9F00EE4C2D /* Model */ = {
			isa = PBXGroup;
			children = (
				2B5ECC592704FCFA00E8216B /* APIResponse.swift */,
			);
			path = Model;
			sourceTree = "<group>";
		};
		2B1FFF1E27056FCB00EE4C2D /* Service */ = {
			isa = PBXGroup;
			children = (
				2B1FFF1F27056FE800EE4C2D /* WebService.swift */,
			);
			path = Service;
			sourceTree = "<group>";
		};
		2B5ECC3F2704FC4000E8216B = {
			isa = PBXGroup;
			children = (
				2B5ECC4A2704FC4000E8216B /* RickAndMortyAPI */,
				2B5ECC492704FC4000E8216B /* Products */,
			);
			sourceTree = "<group>";
		};
		2B5ECC492704FC4000E8216B /* Products */ = {
			isa = PBXGroup;
			children = (
				2B5ECC482704FC4000E8216B /* RickAndMortyAPI.app */,
			);
			name = Products;
			sourceTree = "<group>";
		};
		2B5ECC4A2704FC4000E8216B /* RickAndMortyAPI */ = {
			isa = PBXGroup;
			children = (
				2B9E52C7272CFB2700207D5E /* Screens */,
				2BABA2C92720E5870052428A /* Info.plist */,
				2BBCA63C2706C7D4005BAFE3 /* View */,
				2BBCA6392706870D005BAFE3 /* ViewModel */,
				2B1FFF1E27056FCB00EE4C2D /* Service */,
				2B1FFF1D27056F9F00EE4C2D /* Model */,
				2B5ECC4B2704FC4000E8216B /* RickAndMortyAPIApp.swift */,
				2B5ECC4F2704FC4D00E8216B /* Assets.xcassets */,
				2B5ECC512704FC4D00E8216B /* Preview Content */,
			);
			path = RickAndMortyAPI;
			sourceTree = "<group>";
		};
		2B5ECC512704FC4D00E8216B /* Preview Content */ = {
			isa = PBXGroup;
			children = (
				2B5ECC522704FC4D00E8216B /* Preview Assets.xcassets */,
			);
			path = "Preview Content";
			sourceTree = "<group>";
		};
		2B9E52C7272CFB2700207D5E /* Screens */ = {
			isa = PBXGroup;
			children = (
				2B5ECC4D2704FC4000E8216B /* ListView.swift */,
				2BCE8938272493B500286025 /* DetailView.swift */,
			);
			path = Screens;
			sourceTree = "<group>";
		};
		2BBCA6392706870D005BAFE3 /* ViewModel */ = {
			isa = PBXGroup;
			children = (
				2BBCA63A27068723005BAFE3 /* CharacterViewModel.swift */,
				2B9E52C3272CEFC300207D5E /* EpisodeViewModel.swift */,
			);
			path = ViewModel;
			sourceTree = "<group>";
		};
		2BBCA63C2706C7D4005BAFE3 /* View */ = {
			isa = PBXGroup;
			children = (
				2BBCA63D2706C7EE005BAFE3 /* AsyncImageView.swift */,
				2B944A482718FD5500B64A5C /* RowView.swift */,
				2B9E52BF272CB0B500207D5E /* DetailSideView.swift */,
				2B9E52C1272CB3C700207D5E /* DetailBottomView.swift */,
			);
			path = View;
			sourceTree = "<group>";
		};
/* End PBXGroup section */

/* Begin PBXNativeTarget section */
		2B5ECC472704FC4000E8216B /* RickAndMortyAPI */ = {
			isa = PBXNativeTarget;
			buildConfigurationList = 2B5ECC562704FC4D00E8216B /* Build configuration list for PBXNativeTarget "RickAndMortyAPI" */;
			buildPhases = (
				2B5ECC442704FC4000E8216B /* Sources */,
				2B5ECC452704FC4000E8216B /* Frameworks */,
				2B5ECC462704FC4000E8216B /* Resources */,
			);
			buildRules = (
			);
			dependencies = (
			);
			name = RickAndMortyAPI;
			productName = RickAndMortyAPI;
			productReference = 2B5ECC482704FC4000E8216B /* RickAndMortyAPI.app */;
			productType = "com.apple.product-type.application";
		};
/* End PBXNativeTarget section */

/* Begin PBXProject section */
		2B5ECC402704FC4000E8216B /* Project object */ = {
			isa = PBXProject;
			attributes = {
				BuildIndependentTargetsInParallel = 1;
				LastSwiftUpdateCheck = 1300;
				LastUpgradeCheck = 1300;
				TargetAttributes = {
					2B5ECC472704FC4000E8216B = {
						CreatedOnToolsVersion = 13.0;
					};
				};
			};
			buildConfigurationList = 2B5ECC432704FC4000E8216B /* Build configuration list for PBXProject "RickAndMortyAPI" */;
			compatibilityVersion = "Xcode 13.0";
			developmentRegion = en;
			hasScannedForEncodings = 0;
			knownRegions = (
				en,
				Base,
			);
			mainGroup = 2B5ECC3F2704FC4000E8216B;
			productRefGroup = 2B5ECC492704FC4000E8216B /* Products */;
			projectDirPath = "";
			projectRoot = "";
			targets = (
				2B5ECC472704FC4000E8216B /* RickAndMortyAPI */,
			);
		};
/* End PBXProject section */

/* Begin PBXResourcesBuildPhase section */
		2B5ECC462704FC4000E8216B /* Resources */ = {
			isa = PBXResourcesBuildPhase;
			buildActionMask = 2147483647;
			files = (
				2B5ECC532704FC4D00E8216B /* Preview Assets.xcassets in Resources */,
				2B5ECC502704FC4D00E8216B /* Assets.xcassets in Resources */,
			);
			runOnlyForDeploymentPostprocessing = 0;
		};
/* End PBXResourcesBuildPhase section */

/* Begin PBXSourcesBuildPhase section */
		2B5ECC442704FC4000E8216B /* Sources */ = {
			isa = PBXSourcesBuildPhase;
			buildActionMask = 2147483647;
			files = (
				2B9E52C4272CEFC300207D5E /* EpisodeViewModel.swift in Sources */,
				2B5ECC4E2704FC4000E8216B /* ListView.swift in Sources */,
				2BBCA63B27068723005BAFE3 /* CharacterViewModel.swift in Sources */,
				2B944A492718FD5500B64A5C /* RowView.swift in Sources */,
				2B5ECC5A2704FCFA00E8216B /* APIResponse.swift in Sources */,
				2B9E52C0272CB0B500207D5E /* DetailSideView.swift in Sources */,
				2B5ECC4C2704FC4000E8216B /* RickAndMortyAPIApp.swift in Sources */,
				2B9E52C2272CB3C700207D5E /* DetailBottomView.swift in Sources */,
				2B1FFF2027056FE800EE4C2D /* WebService.swift in Sources */,
				2BBCA63E2706C7EE005BAFE3 /* AsyncImageView.swift in Sources */,
				2BCE8939272493B500286025 /* DetailView.swift in Sources */,
			);
			runOnlyForDeploymentPostprocessing = 0;
		};
/* End PBXSourcesBuildPhase section */

/* Begin XCBuildConfiguration section */
		2B5ECC542704FC4D00E8216B /* Debug */ = {
			isa = XCBuildConfiguration;
			buildSettings = {
				ALWAYS_SEARCH_USER_PATHS = NO;
				CLANG_ANALYZER_NONNULL = YES;
				CLANG_ANALYZER_NUMBER_OBJECT_CONVERSION = YES_AGGRESSIVE;
				CLANG_CXX_LANGUAGE_STANDARD = "gnu++14";
				CLANG_CXX_LIBRARY = "libc++";
				CLANG_ENABLE_MODULES = YES;
				CLANG_ENABLE_OBJC_ARC = YES;
				CLANG_ENABLE_OBJC_WEAK = YES;
				CLANG_WARN_BLOCK_CAPTURE_AUTORELEASING = YES;
				CLANG_WARN_BOOL_CONVERSION = YES;
				CLANG_WARN_COMMA = YES;
				CLANG_WARN_CONSTANT_CONVERSION = YES;
				CLANG_WARN_DEPRECATED_OBJC_IMPLEMENTATIONS = YES;
				CLANG_WARN_DIRECT_OBJC_ISA_USAGE = YES_ERROR;
				CLANG_WARN_DOCUMENTATION_COMMENTS = YES;
				CLANG_WARN_EMPTY_BODY = YES;
				CLANG_WARN_ENUM_CONVERSION = YES;
				CLANG_WARN_INFINITE_RECURSION = YES;
				CLANG_WARN_INT_CONVERSION = YES;
				CLANG_WARN_NON_LITERAL_NULL_CONVERSION = YES;
				CLANG_WARN_OBJC_IMPLICIT_RETAIN_SELF = YES;
				CLANG_WARN_OBJC_LITERAL_CONVERSION = YES;
				CLANG_WARN_OBJC_ROOT_CLASS = YES_ERROR;
				CLANG_WARN_QUOTED_INCLUDE_IN_FRAMEWORK_HEADER = YES;
				CLANG_WARN_RANGE_LOOP_ANALYSIS = YES;
				CLANG_WARN_STRICT_PROTOTYPES = YES;
				CLANG_WARN_SUSPICIOUS_MOVE = YES;
				CLANG_WARN_UNGUARDED_AVAILABILITY = YES_AGGRESSIVE;
				CLANG_WARN_UNREACHABLE_CODE = YES;
				CLANG_WARN__DUPLICATE_METHOD_MATCH = YES;
				COPY_PHASE_STRIP = NO;
				DEBUG_INFORMATION_FORMAT = dwarf;
				ENABLE_STRICT_OBJC_MSGSEND = YES;
				ENABLE_TESTABILITY = YES;
				GCC_C_LANGUAGE_STANDARD = gnu11;
				GCC_DYNAMIC_NO_PIC = NO;
				GCC_NO_COMMON_BLOCKS = YES;
				GCC_OPTIMIZATION_LEVEL = 0;
				GCC_PREPROCESSOR_DEFINITIONS = (
					"DEBUG=1",
					"$(inherited)",
				);
				GCC_WARN_64_TO_32_BIT_CONVERSION = YES;
				GCC_WARN_ABOUT_RETURN_TYPE = YES_ERROR;
				GCC_WARN_UNDECLARED_SELECTOR = YES;
				GCC_WARN_UNINITIALIZED_AUTOS = YES_AGGRESSIVE;
				GCC_WARN_UNUSED_FUNCTION = YES;
				GCC_WARN_UNUSED_VARIABLE = YES;
				IPHONEOS_DEPLOYMENT_TARGET = 15.0;
				MTL_ENABLE_DEBUG_INFO = INCLUDE_SOURCE;
				MTL_FAST_MATH = YES;
				ONLY_ACTIVE_ARCH = YES;
				SDKROOT = iphoneos;
				SWIFT_ACTIVE_COMPILATION_CONDITIONS = DEBUG;
				SWIFT_OPTIMIZATION_LEVEL = "-Onone";
			};
			name = Debug;
		};
		2B5ECC552704FC4D00E8216B /* Release */ = {
			isa = XCBuildConfiguration;
			buildSettings = {
				ALWAYS_SEARCH_USER_PATHS = NO;
				CLANG_ANALYZER_NONNULL = YES;
				CLANG_ANALYZER_NUMBER_OBJECT_CONVERSION = YES_AGGRESSIVE;
				CLANG_CXX_LANGUAGE_STANDARD = "gnu++14";
				CLANG_CXX_LIBRARY = "libc++";
				CLANG_ENABLE_MODULES = YES;
				CLANG_ENABLE_OBJC_ARC = YES;
				CLANG_ENABLE_OBJC_WEAK = YES;
				CLANG_WARN_BLOCK_CAPTURE_AUTORELEASING = YES;
				CLANG_WARN_BOOL_CONVERSION = YES;
				CLANG_WARN_COMMA = YES;
				CLANG_WARN_CONSTANT_CONVERSION = YES;
				CLANG_WARN_DEPRECATED_OBJC_IMPLEMENTATIONS = YES;
				CLANG_WARN_DIRECT_OBJC_ISA_USAGE = YES_ERROR;
				CLANG_WARN_DOCUMENTATION_COMMENTS = YES;
				CLANG_WARN_EMPTY_BODY = YES;
				CLANG_WARN_ENUM_CONVERSION = YES;
				CLANG_WARN_INFINITE_RECURSION = YES;
				CLANG_WARN_INT_CONVERSION = YES;
				CLANG_WARN_NON_LITERAL_NULL_CONVERSION = YES;
				CLANG_WARN_OBJC_IMPLICIT_RETAIN_SELF = YES;
				CLANG_WARN_OBJC_LITERAL_CONVERSION = YES;
				CLANG_WARN_OBJC_ROOT_CLASS = YES_ERROR;
				CLANG_WARN_QUOTED_INCLUDE_IN_FRAMEWORK_HEADER = YES;
				CLANG_WARN_RANGE_LOOP_ANALYSIS = YES;
				CLANG_WARN_STRICT_PROTOTYPES = YES;
				CLANG_WARN_SUSPICIOUS_MOVE = YES;
				CLANG_WARN_UNGUARDED_AVAILABILITY = YES_AGGRESSIVE;
				CLANG_WARN_UNREACHABLE_CODE = YES;
				CLANG_WARN__DUPLICATE_METHOD_MATCH = YES;
				COPY_PHASE_STRIP = NO;
				DEBUG_INFORMATION_FORMAT = "dwarf-with-dsym";
				ENABLE_NS_ASSERTIONS = NO;
				ENABLE_STRICT_OBJC_MSGSEND = YES;
				GCC_C_LANGUAGE_STANDARD = gnu11;
				GCC_NO_COMMON_BLOCKS = YES;
				GCC_WARN_64_TO_32_BIT_CONVERSION = YES;
				GCC_WARN_ABOUT_RETURN_TYPE = YES_ERROR;
				GCC_WARN_UNDECLARED_SELECTOR = YES;
				GCC_WARN_UNINITIALIZED_AUTOS = YES_AGGRESSIVE;
				GCC_WARN_UNUSED_FUNCTION = YES;
				GCC_WARN_UNUSED_VARIABLE = YES;
				IPHONEOS_DEPLOYMENT_TARGET = 15.0;
				MTL_ENABLE_DEBUG_INFO = NO;
				MTL_FAST_MATH = YES;
				SDKROOT = iphoneos;
				SWIFT_COMPILATION_MODE = wholemodule;
				SWIFT_OPTIMIZATION_LEVEL = "-O";
				VALIDATE_PRODUCT = YES;
			};
			name = Release;
		};
		2B5ECC572704FC4D00E8216B /* Debug */ = {
			isa = XCBuildConfiguration;
			buildSettings = {
				ASSETCATALOG_COMPILER_APPICON_NAME = AppIcon;
				ASSETCATALOG_COMPILER_GLOBAL_ACCENT_COLOR_NAME = AccentColor;
				CODE_SIGN_STYLE = Automatic;
				CURRENT_PROJECT_VERSION = 1;
				DEVELOPMENT_ASSET_PATHS = "\"RickAndMortyAPI/Preview Content\"";
				DEVELOPMENT_TEAM = MUV3A7R788;
				ENABLE_PREVIEWS = YES;
				GENERATE_INFOPLIST_FILE = YES;
				INFOPLIST_FILE = RickAndMortyAPI/Info.plist;
				INFOPLIST_KEY_UIApplicationSceneManifest_Generation = YES;
				INFOPLIST_KEY_UIApplicationSupportsIndirectInputEvents = YES;
				INFOPLIST_KEY_UILaunchScreen_Generation = YES;
				INFOPLIST_KEY_UISupportedInterfaceOrientations_iPad = "UIInterfaceOrientationPortrait UIInterfaceOrientationPortraitUpsideDown UIInterfaceOrientationLandscapeLeft UIInterfaceOrientationLandscapeRight";
				INFOPLIST_KEY_UISupportedInterfaceOrientations_iPhone = "UIInterfaceOrientationPortrait UIInterfaceOrientationLandscapeLeft UIInterfaceOrientationLandscapeRight";
				IPHONEOS_DEPLOYMENT_TARGET = 15.0;
				LD_RUNPATH_SEARCH_PATHS = (
					"$(inherited)",
					"@executable_path/Frameworks",
				);
				MARKETING_VERSION = 1.0;
				PRODUCT_BUNDLE_IDENTIFIER = com.timsonner.RickAndMortyAPI;
				PRODUCT_NAME = "$(TARGET_NAME)";
				SWIFT_EMIT_LOC_STRINGS = YES;
				SWIFT_VERSION = 5.0;
				TARGETED_DEVICE_FAMILY = "1,2";
			};
			name = Debug;
		};
		2B5ECC582704FC4D00E8216B /* Release */ = {
			isa = XCBuildConfiguration;
			buildSettings = {
				ASSETCATALOG_COMPILER_APPICON_NAME = AppIcon;
				ASSETCATALOG_COMPILER_GLOBAL_ACCENT_COLOR_NAME = AccentColor;
				CODE_SIGN_STYLE = Automatic;
				CURRENT_PROJECT_VERSION = 1;
				DEVELOPMENT_ASSET_PATHS = "\"RickAndMortyAPI/Preview Content\"";
				DEVELOPMENT_TEAM = MUV3A7R788;
				ENABLE_PREVIEWS = YES;
				GENERATE_INFOPLIST_FILE = YES;
				INFOPLIST_FILE = RickAndMortyAPI/Info.plist;
				INFOPLIST_KEY_UIApplicationSceneManifest_Generation = YES;
				INFOPLIST_KEY_UIApplicationSupportsIndirectInputEvents = YES;
				INFOPLIST_KEY_UILaunchScreen_Generation = YES;
				INFOPLIST_KEY_UISupportedInterfaceOrientations_iPad = "UIInterfaceOrientationPortrait UIInterfaceOrientationPortraitUpsideDown UIInterfaceOrientationLandscapeLeft UIInterfaceOrientationLandscapeRight";
				INFOPLIST_KEY_UISupportedInterfaceOrientations_iPhone = "UIInterfaceOrientationPortrait UIInterfaceOrientationLandscapeLeft UIInterfaceOrientationLandscapeRight";
				IPHONEOS_DEPLOYMENT_TARGET = 15.0;
				LD_RUNPATH_SEARCH_PATHS = (
					"$(inherited)",
					"@executable_path/Frameworks",
				);
				MARKETING_VERSION = 1.0;
				PRODUCT_BUNDLE_IDENTIFIER = com.timsonner.RickAndMortyAPI;
				PRODUCT_NAME = "$(TARGET_NAME)";
				SWIFT_EMIT_LOC_STRINGS = YES;
				SWIFT_VERSION = 5.0;
				TARGETED_DEVICE_FAMILY = "1,2";
			};
			name = Release;
		};
/* End XCBuildConfiguration section */

/* Begin XCConfigurationList section */
		2B5ECC432704FC4000E8216B /* Build configuration list for PBXProject "RickAndMortyAPI" */ = {
			isa = XCConfigurationList;
			buildConfigurations = (
				2B5ECC542704FC4D00E8216B /* Debug */,
				2B5ECC552704FC4D00E8216B /* Release */,
			);
			defaultConfigurationIsVisible = 0;
			defaultConfigurationName = Release;
		};
		2B5ECC562704FC4D00E8216B /* Build configuration list for PBXNativeTarget "RickAndMortyAPI" */ = {
			isa = XCConfigurationList;
			buildConfigurations = (
				2B5ECC572704FC4D00E8216B /* Debug */,
				2B5ECC582704FC4D00E8216B /* Release */,
			);
			defaultConfigurationIsVisible = 0;
			defaultConfigurationName = Release;
		};
/* End XCConfigurationList section */
	};
	rootObject = 2B5ECC402704FC4000E8216B /* Project object */;
}
